
Microsoft Visual Studio Solution File, Format Version 12.00
# Visual Studio Version 17
VisualStudioVersion = 17.5.33516.290
MinimumVisualStudioVersion = 10.0.40219.1
Project("{FAE04EC0-301F-11D3-BF4B-00C04F79EFBC}") = "GUI9 Merkspiel", "GUI9 Merkspiel.csproj", "{AE1D5D7F-8CE1-42A5-AA2B-C6B911AB75A7}"
EndProject
Global
	GlobalSection(SolutionConfigurationPlatforms) = preSolution
		Debug|Any CPU = Debug|Any CPU
		Release|Any CPU = Release|Any CPU
	EndGlobalSection
	GlobalSection(ProjectConfigurationPlatforms) = postSolution
		{AE1D5D7F-8CE1-42A5-AA2B-C6B911AB75A7}.Debug|Any CPU.ActiveCfg = Debug|Any CPU
		{AE1D5D7F-8CE1-42A5-AA2B-C6B911AB75A7}.Debug|Any CPU.Build.0 = Debug|Any CPU
		{AE1D5D7F-8CE1-42A5-AA2B-C6B911AB75A7}.Release|Any CPU.ActiveCfg = Release|Any CPU
		{AE1D5D7F-8CE1-42A5-AA2B-C6B911AB75A7}.Release|Any CPU.Build.0 = Release|Any CPU
	EndGlobalSection
	GlobalSection(SolutionProperties) = preSolution
		HideSolutionNode = FALSE
	EndGlobalSection
	GlobalSection(ExtensibilityGlobals) = postSolution
		SolutionGuid = {772FEE8F-3B13-4F3A-9A26-0994C9C588DE}
	EndGlobalSection
EndGlobal
